// !$*UTF8*$!
{
	archiveVersion = 1;
	classes = {
	};
	objectVersion = 77;
	objects = {

/* Begin PBXBuildFile section */
		E14F0F0E2FA64EDB00D4C0DE /* TaskEditorFeature in Frameworks */ = {isa = PBXBuildFile; productRef = E17F94222FA62E3E00D4C0DE /* TaskEditorFeature */; };
		E156832D2FA650C000D4C0DE /* TodoDomain in Frameworks */ = {isa = PBXBuildFile; productRef = E12583CF2FA675B700D4C0DE /* TodoDomain */; };
		E16E22C92FA6FD3E00D4C0DE /* TaskListFeature in Frameworks */ = {isa = PBXBuildFile; productRef = E15F41432FA6E13F00D4C0DE /* TaskListFeature */; };
		E172DFEB2FA619D200D4C0DE /* TodoReminders in Frameworks */ = {isa = PBXBuildFile; productRef = E151DB3A2FA6199F00D4C0DE /* TodoReminders */; };
		E1E3B3F22FA6D5AF00D4C0DE /* TodoPersistence in Frameworks */ = {isa = PBXBuildFile; productRef = E11F07632FA631DF00D4C0DE /* TodoPersistence */; };
/* End PBXBuildFile section */

/* Begin PBXContainerItemProxy section */
		AA0000092D4A726A001B4417 /* PBXContainerItemProxy */ = {
			isa = PBXContainerItemProxy;
			containerPortal = E1A8B7102D4A726A004493A8 /* Project object */;
			proxyType = 1;
			remoteGlobalIDString = E1A8B7172D4A726A004493A8;
			remoteInfo = QuickTodo;
		};
		E17AD7602FA6906000D4C0DE /* PBXContainerItemProxy */ = {
			isa = PBXContainerItemProxy;
			containerPortal = E1A8B7102D4A726A004493A8 /* Project object */;
			proxyType = 1;
			remoteGlobalIDString = E1A8B7172D4A726A004493A8;
			remoteInfo = QuickTodo;
		};
/* End PBXContainerItemProxy section */

/* Begin PBXFileReference section */
		AA0000022D4A726A001B4417 /* QuickTodoTests.xctest */ = {isa = PBXFileReference; explicitFileType = wrapper.cfbundle; includeInIndex = 0; path = QuickTodoTests.xctest; sourceTree = BUILT_PRODUCTS_DIR; };
		E18F6D2B2FA65D6D00D4C0DE /* QuickTodoUITests.xctest */ = {isa = PBXFileReference; explicitFileType = wrapper.cfbundle; includeInIndex = 0; path = QuickTodoUITests.xctest; sourceTree = BUILT_PRODUCTS_DIR; };
		E1A8B7182D4A726A004493A8 /* QuickTodo.app */ = {isa = PBXFileReference; explicitFileType = wrapper.application; includeInIndex = 0; path = QuickTodo.app; sourceTree = BUILT_PRODUCTS_DIR; };
		E1F4645E2FA6103D00D4C0DE /* QuickTodoKit */ = {isa = PBXFileReference; lastKnownFileType = wrapper; path = QuickTodoKit; sourceTree = "<group>"; };
/* End PBXFileReference section */

/* Begin PBXFileSystemSynchronizedBuildFileExceptionSet section */
		E13590D12FA6D08900D4C0DE /* Exceptions for "QuickTodo" folder in "QuickTodo" target */ = {
			isa = PBXFileSystemSynchronizedBuildFileExceptionSet;
			membershipExceptions = (
				Info.plist,
			);
			target = E1A8B7172D4A726A004493A8 /* QuickTodo */;
		};
/* End PBXFileSystemSynchronizedBuildFileExceptionSet section */

/* Begin PBXFileSystemSynchronizedRootGroup section */
		E15F46522F5F338A00E79F69 /* QuickTodoTests */ = {
			isa = PBXFileSystemSynchronizedRootGroup;
			path = QuickTodoTests;
			sourceTree = "<group>";
		};
		E1A8B71A2D4A726A004493A8 /* QuickTodo */ = {
			isa = PBXFileSystemSynchronizedRootGroup;
			exceptions = (
				E13590D12FA6D08900D4C0DE /* Exceptions for "QuickTodo" folder in "QuickTodo" target */,
			);
			path = QuickTodo;
			sourceTree = "<group>";
		};
		E1F479F32FA68D9200D4C0DE /* QuickTodoUITests */ = {
			isa = PBXFileSystemSynchronizedRootGroup;
			path = QuickTodoUITests;
			sourceTree = "<group>";
		};
/* End PBXFileSystemSynchronizedRootGroup section */

/* Begin PBXFrameworksBuildPhase section */
		AA0000042D4A726A001B4417 /* Frameworks */ = {
			isa = PBXFrameworksBuildPhase;
			buildActionMask = 2147483647;
			files = (
			);
			runOnlyForDeploymentPostprocessing = 0;
		};
		E1A8B7152D4A726A004493A8 /* Frameworks */ = {
			isa = PBXFrameworksBuildPhase;
			buildActionMask = 2147483647;
			files = (
				E156832D2FA650C000D4C0DE /* TodoDomain in Frameworks */,
				E1E3B3F22FA6D5AF00D4C0DE /* TodoPersistence in Frameworks */,
				E172DFEB2FA619D200D4C0DE /* TodoReminders in Frameworks */,
				E16E22C92FA6FD3E00D4C0DE /* TaskListFeature in Frameworks */,
				E14F0F0E2FA64EDB00D4C0DE /* TaskEditorFeature in Frameworks */,
			);
			runOnlyForDeploymentPostprocessing = 0;
		};
		E1E87F772FA6DC3000D4C0DE /* Frameworks */ = {
			isa = PBXFrameworksBuildPhase;
			buildActionMask = 2147483647;
			files = (
			);
			runOnlyForDeploymentPostprocessing = 0;
		};
/* End PBXFrameworksBuildPhase section */

/* Begin PBXGroup section */
		E1328EDB2FA6602500D4C0DE /* Packages */ = {
			isa = PBXGroup;
			children = (
				E1F4645E2FA6103D00D4C0DE /* QuickTodoKit */,
			);
			path = Packages;
			sourceTree = "<group>";
		};
		E1A8B70F2D4A726A004493A8 = {
			isa = PBXGroup;
			children = (
				E1A8B71A2D4A726A004493A8 /* QuickTodo */,
				E15F46522F5F338A00E79F69 /* QuickTodoTests */,
				E1F479F32FA68D9200D4C0DE /* QuickTodoUITests */,
				E1328EDB2FA6602500D4C0DE /* Packages */,
				E1A8B7192D4A726A004493A8 /* Products */,
			);
			sourceTree = "<group>";
		};
		E1A8B7192D4A726A004493A8 /* Products */ = {
			isa = PBXGroup;
			children = (
				E1A8B7182D4A726A004493A8 /* QuickTodo.app */,
				AA0000022D4A726A001B4417 /* QuickTodoTests.xctest */,
				E18F6D2B2FA65D6D00D4C0DE /* QuickTodoUITests.xctest */,
			);
			name = Products;
			sourceTree = "<group>";
		};
/* End PBXGroup section */

/* Begin PBXNativeTarget section */
		AA0000012D4A726A001B4417 /* QuickTodoTests */ = {
			isa = PBXNativeTarget;
			buildConfigurationList = AA0000082D4A726A001B4417 /* Build configuration list for PBXNativeTarget "QuickTodoTests" */;
			buildPhases = (
				AA0000032D4A726A001B4417 /* Sources */,
				AA0000042D4A726A001B4417 /* Frameworks */,
				AA0000052D4A726A001B4417 /* Resources */,
			);
			buildRules = (
			);
			dependencies = (
				AA000A0A2D4A726A001B4417 /* PBXTargetDependency */,
			);
			fileSystemSynchronizedGroups = (
				E15F46522F5F338A00E79F69 /* QuickTodoTests */,
			);
			name = QuickTodoTests;
			productName = QuickTodoTests;
			productReference = AA0000022D4A726A001B4417 /* QuickTodoTests.xctest */;
			productType = "com.apple.product-type.bundle.unit-test";
		};
		E1A8B7172D4A726A004493A8 /* QuickTodo */ = {
			isa = PBXNativeTarget;
			buildConfigurationList = E1A8B7272D4A726C004493A8 /* Build configuration list for PBXNativeTarget "QuickTodo" */;
			buildPhases = (
				E1A8B7142D4A726A004493A8 /* Sources */,
				E1A8B7152D4A726A004493A8 /* Frameworks */,
				E1A8B7162D4A726A004493A8 /* Resources */,
			);
			buildRules = (
			);
			dependencies = (
			);
			fileSystemSynchronizedGroups = (
				E1A8B71A2D4A726A004493A8 /* QuickTodo */,
			);
			name = QuickTodo;
			packageProductDependencies = (
				E12583CF2FA675B700D4C0DE /* TodoDomain */,
				E11F07632FA631DF00D4C0DE /* TodoPersistence */,
				E151DB3A2FA6199F00D4C0DE /* TodoReminders */,
				E15F41432FA6E13F00D4C0DE /* TaskListFeature */,
				E17F94222FA62E3E00D4C0DE /* TaskEditorFeature */,
			);
			productName = QuickTodo;
			productReference = E1A8B7182D4A726A004493A8 /* QuickTodo.app */;
			productType = "com.apple.product-type.application";
		};
		E1E734C22FA65DB000D4C0DE /* QuickTodoUITests */ = {
			isa = PBXNativeTarget;
			buildConfigurationList = E13E49CB2FA6B6D400D4C0DE /* Build configuration list for PBXNativeTarget "QuickTodoUITests" */;
			buildPhases = (
				E1D8C0582FA6447500D4C0DE /* Sources */,
				E1E87F772FA6DC3000D4C0DE /* Frameworks */,
				E1E3E42A2FA6C01600D4C0DE /* Resources */,
			);
			buildRules = (
			);
			dependencies = (
				E176D7972FA6234000D4C0DE /* PBXTargetDependency */,
			);
			fileSystemSynchronizedGroups = (
				E1F479F32FA68D9200D4C0DE /* QuickTodoUITests */,
			);
			name = QuickTodoUITests;
			productName = QuickTodoUITests;
			productReference = E18F6D2B2FA65D6D00D4C0DE /* QuickTodoUITests.xctest */;
			productType = "com.apple.product-type.bundle.ui-testing";
		};
/* End PBXNativeTarget section */

/* Begin PBXProject section */
		E1A8B7102D4A726A004493A8 /* Project object */ = {
			isa = PBXProject;
			attributes = {
				BuildIndependentTargetsInParallel = 1;
				LastSwiftUpdateCheck = 1620;
				LastUpgradeCheck = 1620;
				TargetAttributes = {
					AA0000012D4A726A001B4417 = {
						CreatedOnToolsVersion = 16.2;
						TestTargetID = E1A8B7172D4A726A004493A8;
					};
					E1A8B7172D4A726A004493A8 = {
						CreatedOnToolsVersion = 16.2;
					};
					E1E734C22FA65DB000D4C0DE = {
						CreatedOnToolsVersion = 26.3;
						TestTargetID = E1A8B7172D4A726A004493A8;
					};
				};
			};
			buildConfigurationList = E1A8B7132D4A726A004493A8 /* Build configuration list for PBXProject "QuickTodo" */;
			developmentRegion = en;
			hasScannedForEncodings = 0;
			knownRegions = (
				en,
				Base,
			);
			mainGroup = E1A8B70F2D4A726A004493A8;
			minimizedProjectReferenceProxies = 1;
			packageReferences = (
				E1F299672FA6130700D4C0DE /* XCLocalSwiftPackageReference "Packages/QuickTodoKit" */,
			);
			preferredProjectObjectVersion = 77;
			productRefGroup = E1A8B7192D4A726A004493A8 /* Products */;
			projectDirPath = "";
			projectRoot = "";
			targets = (
				E1A8B7172D4A726A004493A8 /* QuickTodo */,
				AA0000012D4A726A001B4417 /* QuickTodoTests */,
				E1E734C22FA65DB000D4C0DE /* QuickTodoUITests */,
			);
		};
/* End PBXProject section */

/* Begin PBXResourcesBuildPhase section */
		AA0000052D4A726A001B4417 /* Resources */ = {
			isa = PBXResourcesBuildPhase;
			buildActionMask = 2147483647;
			files = (
			);
			runOnlyForDeploymentPostprocessing = 0;
		};
		E1A8B7162D4A726A004493A8 /* Resources */ = {
			isa = PBXResourcesBuildPhase;
			buildActionMask = 2147483647;
			files = (
			);
			runOnlyForDeploymentPostprocessing = 0;
		};
		E1E3E42A2FA6C01600D4C0DE /* Resources */ = {
			isa = PBXResourcesBuildPhase;
			buildActionMask = 2147483647;
			files = (
			);
			runOnlyForDeploymentPostprocessing = 0;
		};
/* End PBXResourcesBuildPhase section */

/* Begin PBXSourcesBuildPhase section */
		AA0000032D4A726A001B4417 /* Sources */ = {
			isa = PBXSourcesBuildPhase;
			buildActionMask = 2147483647;
			files = (
			);
			runOnlyForDeploymentPostprocessing = 0;
		};
		E1A8B7142D4A726A004493A8 /* Sources */ = {
			isa = PBXSourcesBuildPhase;
			buildActionMask = 2147483647;
			files = (
			);
			runOnlyForDeploymentPostprocessing = 0;
		};
		E1D8C0582FA6447500D4C0DE /* Sources */ = {
			isa = PBXSourcesBuildPhase;
			buildActionMask = 2147483647;
			files = (
			);
			runOnlyForDeploymentPostprocessing = 0;
		};
/* End PBXSourcesBuildPhase section */

/* Begin PBXTargetDependency section */
		AA000A0A2D4A726A001B4417 /* PBXTargetDependency */ = {
			isa = PBXTargetDependency;
			target = E1A8B7172D4A726A004493A8 /* QuickTodo */;
			targetProxy = AA0000092D4A726A001B4417 /* PBXContainerItemProxy */;
		};
		E176D7972FA6234000D4C0DE /* PBXTargetDependency */ = {
			isa = PBXTargetDependency;
			target = E1A8B7172D4A726A004493A8 /* QuickTodo */;
			targetProxy = E17AD7602FA6906000D4C0DE /* PBXContainerItemProxy */;
		};
/* End PBXTargetDependency section */

/* Begin XCBuildConfiguration section */
		AA0000062D4A726A001B4417 /* Debug */ = {
			isa = XCBuildConfiguration;
			buildSettings = {
				BUNDLE_LOADER = "$(TEST_HOST)";
				CODE_SIGN_STYLE = Automatic;
				CURRENT_PROJECT_VERSION = 1;
				DEVELOPMENT_TEAM = PG2N57MN4P;
				GENERATE_INFOPLIST_FILE = YES;
				IPHONEOS_DEPLOYMENT_TARGET = 18.2;
				MACOSX_DEPLOYMENT_TARGET = 15.1;
				MARKETING_VERSION = 1.0;
				PRODUCT_BUNDLE_IDENTIFIER = com.udhayanila.in.QuickTodoTests;
				PRODUCT_NAME = "$(TARGET_NAME)";
				SDKROOT = auto;
				SUPPORTED_PLATFORMS = "iphoneos iphonesimulator xros xrsimulator";
				SUPPORTS_MACCATALYST = NO;
				SWIFT_EMIT_LOC_STRINGS = NO;
				SWIFT_VERSION = 6.0;
				TARGETED_DEVICE_FAMILY = "1,2,7";
				TEST_HOST = "$(BUILT_PRODUCTS_DIR)/QuickTodo.app/$(BUNDLE_EXECUTABLE_FOLDER_PATH)/QuickTodo";
				XROS_DEPLOYMENT_TARGET = 2.2;
			};
			name = Debug;
		};
		AA0000072D4A726A001B4417 /* Release */ = {
			isa = XCBuildConfiguration;
			buildSettings = {
				BUNDLE_LOADER = "$(TEST_HOST)";
				CODE_SIGN_STYLE = Automatic;
				CURRENT_PROJECT_VERSION = 1;
				DEVELOPMENT_TEAM = PG2N57MN4P;
				GENERATE_INFOPLIST_FILE = YES;
				IPHONEOS_DEPLOYMENT_TARGET = 18.2;
				MACOSX_DEPLOYMENT_TARGET = 15.1;
				MARKETING_VERSION = 1.0;
				PRODUCT_BUNDLE_IDENTIFIER = com.udhayanila.in.QuickTodoTests;
				PRODUCT_NAME = "$(TARGET_NAME)";
				SDKROOT = auto;
				SUPPORTED_PLATFORMS = "iphoneos iphonesimulator xros xrsimulator";
				SUPPORTS_MACCATALYST = NO;
				SWIFT_EMIT_LOC_STRINGS = NO;
				SWIFT_VERSION = 6.0;
				TARGETED_DEVICE_FAMILY = "1,2,7";
				TEST_HOST = "$(BUILT_PRODUCTS_DIR)/QuickTodo.app/$(BUNDLE_EXECUTABLE_FOLDER_PATH)/QuickTodo";
				XROS_DEPLOYMENT_TARGET = 2.2;
			};
			name = Release;
		};
		E106713C2FA61D7700D4C0DE /* Release */ = {
			isa = XCBuildConfiguration;
			buildSettings = {
				CODE_SIGN_STYLE = Automatic;
				CURRENT_PROJECT_VERSION = 1;
				DEVELOPMENT_TEAM = PG2N57MN4P;
				GENERATE_INFOPLIST_FILE = YES;
				IPHONEOS_DEPLOYMENT_TARGET = 18.2;
				MARKETING_VERSION = 1.0;
				PRODUCT_BUNDLE_IDENTIFIER = com.udhayanila.in.QuickTodoUITests;
				PRODUCT_NAME = "$(TARGET_NAME)";
				SDKROOT = iphoneos;
				SUPPORTED_PLATFORMS = "iphoneos iphonesimulator";
				SUPPORTS_MACCATALYST = NO;
				SWIFT_EMIT_LOC_STRINGS = NO;
				SWIFT_VERSION = 6.0;
				TARGETED_DEVICE_FAMILY = "1,2";
				TEST_TARGET_NAME = QuickTodo;
			};
			name = Release;
		};
		E17264BE2FA645C000D4C0DE /* Debug */ = {
			isa = XCBuildConfiguration;
			buildSettings = {
				CODE_SIGN_STYLE = Automatic;
				CURRENT_PROJECT_VERSION = 1;
				DEVELOPMENT_TEAM = PG2N57MN4P;
				GENERATE_INFOPLIST_FILE = YES;
				IPHONEOS_DEPLOYMENT_TARGET = 18.2;
				MARKETING_VERSION = 1.0;
				PRODUCT_BUNDLE_IDENTIFIER = com.udhayanila.in.QuickTodoUITests;
				PRODUCT_NAME = "$(TARGET_NAME)";
				SDKROOT = iphoneos;
				SUPPORTED_PLATFORMS = "iphoneos iphonesimulator";
				SUPPORTS_MACCATALYST = NO;
				SWIFT_EMIT_LOC_STRINGS = NO;
				SWIFT_VERSION = 6.0;
				TARGETED_DEVICE_FAMILY = "1,2";
				TEST_TARGET_NAME = QuickTodo;
			};
			name = Debug;
		};
		E1A8B7252D4A726C004493A8 /* Debug */ = {
			isa = XCBuildConfiguration;
			buildSettings = {
				ALWAYS_SEARCH_USER_PATHS = NO;
				ASSETCATALOG_COMPILER_GENERATE_SWIFT_ASSET_SYMBOL_EXTENSIONS = YES;
				CLANG_ANALYZER_NONNULL = YES;
				CLANG_ANALYZER_NUMBER_OBJECT_CONVERSION = YES_AGGRESSIVE;
				CLANG_CXX_LANGUAGE_STANDARD = "gnu++20";
				CLANG_ENABLE_MODULES = YES;
				CLANG_ENABLE_OBJC_ARC = YES;
				CLANG_ENABLE_OBJC_WEAK = YES;
				CLANG_WARN_BLOCK_CAPTURE_AUTORELEASING = YES;
				CLANG_WARN_BOOL_CONVERSION = YES;
				CLANG_WARN_COMMA = YES;
				CLANG_WARN_CONSTANT_CONVERSION = YES;
				CLANG_WARN_DEPRECATED_OBJC_IMPLEMENTATIONS = YES;
				CLANG_WARN_DIRECT_OBJC_ISA_USAGE = YES_ERROR;
				CLANG_WARN_DOCUMENTATION_COMMENTS = YES;
				CLANG_WARN_EMPTY_BODY = YES;
				CLANG_WARN_ENUM_CONVERSION = YES;
				CLANG_WARN_INFINITE_RECURSION = YES;
				CLANG_WARN_INT_CONVERSION = YES;
				CLANG_WARN_NON_LITERAL_NULL_CONVERSION = YES;
				CLANG_WARN_OBJC_IMPLICIT_RETAIN_SELF = YES;
				CLANG_WARN_OBJC_LITERAL_CONVERSION = YES;
				CLANG_WARN_OBJC_ROOT_CLASS = YES_ERROR;
				CLANG_WARN_QUOTED_INCLUDE_IN_FRAMEWORK_HEADER = YES;
				CLANG_WARN_RANGE_LOOP_ANALYSIS = YES;
				CLANG_WARN_STRICT_PROTOTYPES = YES;
				CLANG_WARN_SUSPICIOUS_MOVE = YES;
				CLANG_WARN_UNGUARDED_AVAILABILITY = YES_AGGRESSIVE;
				CLANG_WARN_UNREACHABLE_CODE = YES;
				CLANG_WARN__DUPLICATE_METHOD_MATCH = YES;
				COPY_PHASE_STRIP = NO;
				DEBUG_INFORMATION_FORMAT = dwarf;
				ENABLE_STRICT_OBJC_MSGSEND = YES;
				ENABLE_TESTABILITY = YES;
				ENABLE_USER_SCRIPT_SANDBOXING = YES;
				GCC_C_LANGUAGE_STANDARD = gnu17;
				GCC_DYNAMIC_NO_PIC = NO;
				GCC_NO_COMMON_BLOCKS = YES;
				GCC_OPTIMIZATION_LEVEL = 0;
				GCC_PREPROCESSOR_DEFINITIONS = (
					"DEBUG=1",
					"$(inherited)",
				);
				GCC_WARN_64_TO_32_BIT_CONVERSION = YES;
				GCC_WARN_ABOUT_RETURN_TYPE = YES_ERROR;
				GCC_WARN_UNDECLARED_SELECTOR = YES;
				GCC_WARN_UNINITIALIZED_AUTOS = YES_AGGRESSIVE;
				GCC_WARN_UNUSED_FUNCTION = YES;
				GCC_WARN_UNUSED_VARIABLE = YES;
				LOCALIZATION_PREFERS_STRING_CATALOGS = YES;
				MTL_ENABLE_DEBUG_INFO = INCLUDE_SOURCE;
				MTL_FAST_MATH = YES;
				ONLY_ACTIVE_ARCH = YES;
				SWIFT_ACTIVE_COMPILATION_CONDITIONS = "DEBUG $(inherited)";
				SWIFT_OPTIMIZATION_LEVEL = "-Onone";
				SWIFT_STRICT_CONCURRENCY = complete;
			};
			name = Debug;
		};
		E1A8B7262D4A726C004493A8 /* Release */ = {
			isa = XCBuildConfiguration;
			buildSettings = {
				ALWAYS_SEARCH_USER_PATHS = NO;
				ASSETCATALOG_COMPILER_GENERATE_SWIFT_ASSET_SYMBOL_EXTENSIONS = YES;
				CLANG_ANALYZER_NONNULL = YES;
				CLANG_ANALYZER_NUMBER_OBJECT_CONVERSION = YES_AGGRESSIVE;
				CLANG_CXX_LANGUAGE_STANDARD = "gnu++20";
				CLANG_ENABLE_MODULES = YES;
				CLANG_ENABLE_OBJC_ARC = YES;
				CLANG_ENABLE_OBJC_WEAK = YES;
				CLANG_WARN_BLOCK_CAPTURE_AUTORELEASING = YES;
				CLANG_WARN_BOOL_CONVERSION = YES;
				CLANG_WARN_COMMA = YES;
				CLANG_WARN_CONSTANT_CONVERSION = YES;
				CLANG_WARN_DEPRECATED_OBJC_IMPLEMENTATIONS = YES;
				CLANG_WARN_DIRECT_OBJC_ISA_USAGE = YES_ERROR;
				CLANG_WARN_DOCUMENTATION_COMMENTS = YES;
				CLANG_WARN_EMPTY_BODY = YES;
				CLANG_WARN_ENUM_CONVERSION = YES;
				CLANG_WARN_INFINITE_RECURSION = YES;
				CLANG_WARN_INT_CONVERSION = YES;
				CLANG_WARN_NON_LITERAL_NULL_CONVERSION = YES;
				CLANG_WARN_OBJC_IMPLICIT_RETAIN_SELF = YES;
				CLANG_WARN_OBJC_LITERAL_CONVERSION = YES;
				CLANG_WARN_OBJC_ROOT_CLASS = YES_ERROR;
				CLANG_WARN_QUOTED_INCLUDE_IN_FRAMEWORK_HEADER = YES;
				CLANG_WARN_RANGE_LOOP_ANALYSIS = YES;
				CLANG_WARN_STRICT_PROTOTYPES = YES;
				CLANG_WARN_SUSPICIOUS_MOVE = YES;
				CLANG_WARN_UNGUARDED_AVAILABILITY = YES_AGGRESSIVE;
				CLANG_WARN_UNREACHABLE_CODE = YES;
				CLANG_WARN__DUPLICATE_METHOD_MATCH = YES;
				COPY_PHASE_STRIP = NO;
				DEBUG_INFORMATION_FORMAT = "dwarf-with-dsym";
				ENABLE_NS_ASSERTIONS = NO;
				ENABLE_STRICT_OBJC_MSGSEND = YES;
				ENABLE_USER_SCRIPT_SANDBOXING = YES;
				GCC_C_LANGUAGE_STANDARD = gnu17;
				GCC_NO_COMMON_BLOCKS = YES;
				GCC_WARN_64_TO_32_BIT_CONVERSION = YES;
				GCC_WARN_ABOUT_RETURN_TYPE = YES_ERROR;
				GCC_WARN_UNDECLARED_SELECTOR = YES;
				GCC_WARN_UNINITIALIZED_AUTOS = YES_AGGRESSIVE;
				GCC_WARN_UNUSED_FUNCTION = YES;
				GCC_WARN_UNUSED_VARIABLE = YES;
				LOCALIZATION_PREFERS_STRING_CATALOGS = YES;
				MTL_ENABLE_DEBUG_INFO = NO;
				MTL_FAST_MATH = YES;
				SWIFT_COMPILATION_MODE = wholemodule;
				SWIFT_STRICT_CONCURRENCY = complete;
			};
			name = Release;
		};
		E1A8B7282D4A726C004493A8 /* Debug */ = {
			isa = XCBuildConfiguration;
			buildSettings = {
				ASSETCATALOG_COMPILER_APPICON_NAME = AppIcon;
				ASSETCATALOG_COMPILER_GLOBAL_ACCENT_COLOR_NAME = AccentColor;
				CODE_SIGN_ENTITLEMENTS = QuickTodo/QuickTodo.entitlements;
				CODE_SIGN_IDENTITY = "Apple Development";
				CODE_SIGN_STYLE = Automatic;
				CURRENT_PROJECT_VERSION = 1;
				DEVELOPMENT_ASSET_PATHS = "\"QuickTodo/Preview Content\"";
				DEVELOPMENT_TEAM = PG2N57MN4P;
				ENABLE_HARDENED_RUNTIME = YES;
				ENABLE_PREVIEWS = YES;
				GENERATE_INFOPLIST_FILE = YES;
				INFOPLIST_FILE = QuickTodo/Info.plist;
				INFOPLIST_KEY_CFBundleDisplayName = QuickTodo;
				"INFOPLIST_KEY_UIApplicationSceneManifest_Generation[sdk=iphoneos*]" = YES;
				"INFOPLIST_KEY_UIApplicationSceneManifest_Generation[sdk=iphonesimulator*]" = YES;
				"INFOPLIST_KEY_UIApplicationSupportsIndirectInputEvents[sdk=iphoneos*]" = YES;
				"INFOPLIST_KEY_UIApplicationSupportsIndirectInputEvents[sdk=iphonesimulator*]" = YES;
				"INFOPLIST_KEY_UILaunchScreen_Generation[sdk=iphoneos*]" = YES;
				"INFOPLIST_KEY_UILaunchScreen_Generation[sdk=iphonesimulator*]" = YES;
				"INFOPLIST_KEY_UIStatusBarStyle[sdk=iphoneos*]" = UIStatusBarStyleDefault;
				"INFOPLIST_KEY_UIStatusBarStyle[sdk=iphonesimulator*]" = UIStatusBarStyleDefault;
				INFOPLIST_KEY_UISupportedInterfaceOrientations_iPad = "UIInterfaceOrientationPortrait UIInterfaceOrientationPortraitUpsideDown UIInterfaceOrientationLandscapeLeft UIInterfaceOrientationLandscapeRight";
				INFOPLIST_KEY_UISupportedInterfaceOrientations_iPhone = "UIInterfaceOrientationPortrait UIInterfaceOrientationLandscapeLeft UIInterfaceOrientationLandscapeRight";
				IPHONEOS_DEPLOYMENT_TARGET = 18.2;
				LD_RUNPATH_SEARCH_PATHS = "@executable_path/Frameworks";
				"LD_RUNPATH_SEARCH_PATHS[sdk=macosx*]" = "@executable_path/../Frameworks";
				MACOSX_DEPLOYMENT_TARGET = 15.1;
				MARKETING_VERSION = 1.0;
				PRODUCT_BUNDLE_IDENTIFIER = com.udhayanila.in.QuickTodo;
				PRODUCT_NAME = "$(TARGET_NAME)";
				PROVISIONING_PROFILE_SPECIFIER = "";
				SDKROOT = auto;
				SUPPORTED_PLATFORMS = "iphoneos iphonesimulator xros xrsimulator";
				SUPPORTS_MACCATALYST = NO;
				SWIFT_EMIT_LOC_STRINGS = YES;
				SWIFT_VERSION = 6.0;
				TARGETED_DEVICE_FAMILY = "1,2,7";
				XROS_DEPLOYMENT_TARGET = 2.2;
			};
			name = Debug;
		};
		E1A8B7292D4A726C004493A8 /* Release */ = {
			isa = XCBuildConfiguration;
			buildSettings = {
				ASSETCATALOG_COMPILER_APPICON_NAME = AppIcon;
				ASSETCATALOG_COMPILER_GLOBAL_ACCENT_COLOR_NAME = AccentColor;
				CODE_SIGN_ENTITLEMENTS = QuickTodo/QuickTodo.entitlements;
				CODE_SIGN_IDENTITY = "Apple Development";
				CODE_SIGN_STYLE = Automatic;
				CURRENT_PROJECT_VERSION = 1;
				DEVELOPMENT_ASSET_PATHS = "\"QuickTodo/Preview Content\"";
				DEVELOPMENT_TEAM = PG2N57MN4P;
				ENABLE_HARDENED_RUNTIME = YES;
				ENABLE_PREVIEWS = YES;
				GENERATE_INFOPLIST_FILE = YES;
				INFOPLIST_FILE = QuickTodo/Info.plist;
				INFOPLIST_KEY_CFBundleDisplayName = QuickTodo;
				"INFOPLIST_KEY_UIApplicationSceneManifest_Generation[sdk=iphoneos*]" = YES;
				"INFOPLIST_KEY_UIApplicationSceneManifest_Generation[sdk=iphonesimulator*]" = YES;
				"INFOPLIST_KEY_UIApplicationSupportsIndirectInputEvents[sdk=iphoneos*]" = YES;
				"INFOPLIST_KEY_UIApplicationSupportsIndirectInputEvents[sdk=iphonesimulator*]" = YES;
				"INFOPLIST_KEY_UILaunchScreen_Generation[sdk=iphoneos*]" = YES;
				"INFOPLIST_KEY_UILaunchScreen_Generation[sdk=iphonesimulator*]" = YES;
				"INFOPLIST_KEY_UIStatusBarStyle[sdk=iphoneos*]" = UIStatusBarStyleDefault;
				"INFOPLIST_KEY_UIStatusBarStyle[sdk=iphonesimulator*]" = UIStatusBarStyleDefault;
				INFOPLIST_KEY_UISupportedInterfaceOrientations_iPad = "UIInterfaceOrientationPortrait UIInterfaceOrientationPortraitUpsideDown UIInterfaceOrientationLandscapeLeft UIInterfaceOrientationLandscapeRight";
				INFOPLIST_KEY_UISupportedInterfaceOrientations_iPhone = "UIInterfaceOrientationPortrait UIInterfaceOrientationLandscapeLeft UIInterfaceOrientationLandscapeRight";
				IPHONEOS_DEPLOYMENT_TARGET = 18.2;
				LD_RUNPATH_SEARCH_PATHS = "@executable_path/Frameworks";
				"LD_RUNPATH_SEARCH_PATHS[sdk=macosx*]" = "@executable_path/../Frameworks";
				MACOSX_DEPLOYMENT_TARGET = 15.1;
				MARKETING_VERSION = 1.0;
				PRODUCT_BUNDLE_IDENTIFIER = com.udhayanila.in.QuickTodo;
				PRODUCT_NAME = "$(TARGET_NAME)";
				PROVISIONING_PROFILE_SPECIFIER = "";
				SDKROOT = auto;
				SUPPORTED_PLATFORMS = "iphoneos iphonesimulator xros xrsimulator";
				SUPPORTS_MACCATALYST = NO;
				SWIFT_EMIT_LOC_STRINGS = YES;
				SWIFT_VERSION = 6.0;
				TARGETED_DEVICE_FAMILY = "1,2,7";
				XROS_DEPLOYMENT_TARGET = 2.2;
			};
			name = Release;
		};
/* End XCBuildConfiguration section */

/* Begin XCConfigurationList section */
		AA0000082D4A726A001B4417 /* Build configuration list for PBXNativeTarget "QuickTodoTests" */ = {
			isa = XCConfigurationList;
			buildConfigurations = (
				AA0000062D4A726A001B4417 /* Debug */,
				AA0000072D4A726A001B4417 /* Release */,
			);
			defaultConfigurationIsVisible = 0;
			defaultConfigurationName = Release;
		};
		E13E49CB2FA6B6D400D4C0DE /* Build configuration list for PBXNativeTarget "QuickTodoUITests" */ = {
			isa = XCConfigurationList;
			buildConfigurations = (
				E17264BE2FA645C000D4C0DE /* Debug */,
				E106713C2FA61D7700D4C0DE /* Release */,
			);
			defaultConfigurationIsVisible = 0;
			defaultConfigurationName = Release;
		};
		E1A8B7132D4A726A004493A8 /* Build configuration list for PBXProject "QuickTodo" */ = {
			isa = XCConfigurationList;
			buildConfigurations = (
				E1A8B7252D4A726C004493A8 /* Debug */,
				E1A8B7262D4A726C004493A8 /* Release */,
			);
			defaultConfigurationIsVisible = 0;
			defaultConfigurationName = Release;
		};
		E1A8B7272D4A726C004493A8 /* Build configuration list for PBXNativeTarget "QuickTodo" */ = {
			isa = XCConfigurationList;
			buildConfigurations = (
				E1A8B7282D4A726C004493A8 /* Debug */,
				E1A8B7292D4A726C004493A8 /* Release */,
			);
			defaultConfigurationIsVisible = 0;
			defaultConfigurationName = Release;
		};
/* End XCConfigurationList section */

/* Begin XCLocalSwiftPackageReference section */
		E1F299672FA6130700D4C0DE /* XCLocalSwiftPackageReference "Packages/QuickTodoKit" */ = {
			isa = XCLocalSwiftPackageReference;
			relativePath = Packages/QuickTodoKit;
		};
/* End XCLocalSwiftPackageReference section */

/* Begin XCSwiftPackageProductDependency section */
		E11F07632FA631DF00D4C0DE /* TodoPersistence */ = {
			isa = XCSwiftPackageProductDependency;
			productName = TodoPersistence;
		};
		E12583CF2FA675B700D4C0DE /* TodoDomain */ = {
			isa = XCSwiftPackageProductDependency;
			productName = TodoDomain;
		};
		E151DB3A2FA6199F00D4C0DE /* TodoReminders */ = {
			isa = XCSwiftPackageProductDependency;
			productName = TodoReminders;
		};
		E15F41432FA6E13F00D4C0DE /* TaskListFeature */ = {
			isa = XCSwiftPackageProductDependency;
			productName = TaskListFeature;
		};
		E17F94222FA62E3E00D4C0DE /* TaskEditorFeature */ = {
			isa = XCSwiftPackageProductDependency;
			productName = TaskEditorFeature;
		};
/* End XCSwiftPackageProductDependency section */
	};
	rootObject = E1A8B7102D4A726A004493A8 /* Project object */;
}
